
Microsoft Visual Studio Solution File, Format Version 12.00
# Visual Studio Version 17
VisualStudioVersion = 17.13.35825.156 d17.13
MinimumVisualStudioVersion = 10.0.40219.1
Project("{FAE04EC0-301F-11D3-BF4B-00C04F79EFBC}") = "Module2Review - Student Grades", "Module2Review - Student Grades.csproj", "{39C39675-359E-4875-90F0-A0D2394EACB4}"
EndProject
Global
	GlobalSection(SolutionConfigurationPlatforms) = preSolution
		Debug|Any CPU = Debug|Any CPU
		Release|Any CPU = Release|Any CPU
	EndGlobalSection
	GlobalSection(ProjectConfigurationPlatforms) = postSolution
		{39C39675-359E-4875-90F0-A0D2394EACB4}.Debug|Any CPU.ActiveCfg = Debug|Any CPU
		{39C39675-359E-4875-90F0-A0D2394EACB4}.Debug|Any CPU.Build.0 = Debug|Any CPU
		{39C39675-359E-4875-90F0-A0D2394EACB4}.Release|Any CPU.ActiveCfg = Release|Any CPU
		{39C39675-359E-4875-90F0-A0D2394EACB4}.Release|Any CPU.Build.0 = Release|Any CPU
	EndGlobalSection
	GlobalSection(SolutionProperties) = preSolution
		HideSolutionNode = FALSE
	EndGlobalSection
	GlobalSection(ExtensibilityGlobals) = postSolution
		SolutionGuid = {4FFEE661-C84D-4C00-8F2D-84E32FF6A7E7}
	EndGlobalSection
EndGlobal
